// !$*UTF8*$!
{
	archiveVersion = 1;
	classes = {
	};
	objectVersion = 46;
	objects = {

/* Begin PBXBuildFile section */
		842018D219ABAB3100265A76 /* Foundation.framework in Frameworks */ = {isa = PBXBuildFile; fileRef = 842018D119ABAB3100265A76 /* Foundation.framework */; };
		842018D419ABAB3100265A76 /* CoreGraphics.framework in Frameworks */ = {isa = PBXBuildFile; fileRef = 842018D319ABAB3100265A76 /* CoreGraphics.framework */; };
		842018D619ABAB3100265A76 /* UIKit.framework in Frameworks */ = {isa = PBXBuildFile; fileRef = 842018D519ABAB3100265A76 /* UIKit.framework */; };
		842018DC19ABAB3100265A76 /* InfoPlist.strings in Resources */ = {isa = PBXBuildFile; fileRef = 842018DA19ABAB3100265A76 /* InfoPlist.strings */; };
		842018DE19ABAB3100265A76 /* main.m in Sources */ = {isa = PBXBuildFile; fileRef = 842018DD19ABAB3100265A76 /* main.m */; };
		842018E219ABAB3100265A76 /* GPCAppDelegate.m in Sources */ = {isa = PBXBuildFile; fileRef = 842018E119ABAB3100265A76 /* GPCAppDelegate.m */; };
		842018E519ABAB3100265A76 /* Main_iPhone.storyboard in Resources */ = {isa = PBXBuildFile; fileRef = 842018E319ABAB3100265A76 /* Main_iPhone.storyboard */; };
		842018E819ABAB3100265A76 /* Main_iPad.storyboard in Resources */ = {isa = PBXBuildFile; fileRef = 842018E619ABAB3100265A76 /* Main_iPad.storyboard */; };
		842018EB19ABAB3100265A76 /* GPCViewController.m in Sources */ = {isa = PBXBuildFile; fileRef = 842018EA19ABAB3100265A76 /* GPCViewController.m */; };
		842018ED19ABAB3100265A76 /* Images.xcassets in Resources */ = {isa = PBXBuildFile; fileRef = 842018EC19ABAB3100265A76 /* Images.xcassets */; };
		842018F419ABAB3100265A76 /* XCTest.framework in Frameworks */ = {isa = PBXBuildFile; fileRef = 842018F319ABAB3100265A76 /* XCTest.framework */; };
		842018F519ABAB3100265A76 /* Foundation.framework in Frameworks */ = {isa = PBXBuildFile; fileRef = 842018D119ABAB3100265A76 /* Foundation.framework */; };
		842018F619ABAB3100265A76 /* UIKit.framework in Frameworks */ = {isa = PBXBuildFile; fileRef = 842018D519ABAB3100265A76 /* UIKit.framework */; };
		842018FE19ABAB3100265A76 /* InfoPlist.strings in Resources */ = {isa = PBXBuildFile; fileRef = 842018FC19ABAB3100265A76 /* InfoPlist.strings */; };
		8420190019ABAB3100265A76 /* GPCLocalizeStoryboardTests.m in Sources */ = {isa = PBXBuildFile; fileRef = 842018FF19ABAB3100265A76 /* GPCLocalizeStoryboardTests.m */; };
		8420190D19ABACEF00265A76 /* UITextField+WPTLocalize.m in Sources */ = {isa = PBXBuildFile; fileRef = 8420190919ABACEF00265A76 /* UITextField+WPTLocalize.m */; };
		8420190E19ABACEF00265A76 /* UILabel+WPTLocalize.m in Sources */ = {isa = PBXBuildFile; fileRef = 8420190C19ABACEF00265A76 /* UILabel+WPTLocalize.m */; };
		8420191219ABAD3A00265A76 /* WPTUtilities.m in Sources */ = {isa = PBXBuildFile; fileRef = 8420191119ABAD3A00265A76 /* WPTUtilities.m */; };
		8420191519ABAD7B00265A76 /* Reachability.m in Sources */ = {isa = PBXBuildFile; fileRef = 8420191419ABAD7B00265A76 /* Reachability.m */; };
		8420191819ABAD8700265A76 /* UITableViewController+ScrollToSection.m in Sources */ = {isa = PBXBuildFile; fileRef = 8420191719ABAD8700265A76 /* UITableViewController+ScrollToSection.m */; };
		8420191D19ABADB000265A76 /* WPTPopoverController.m in Sources */ = {isa = PBXBuildFile; fileRef = 8420191A19ABADB000265A76 /* WPTPopoverController.m */; };
		8420191E19ABADB000265A76 /* WPTPopoverTVC.m in Sources */ = {isa = PBXBuildFile; fileRef = 8420191C19ABADB000265A76 /* WPTPopoverTVC.m */; };
		8420192319ABAE1100265A76 /* WPTPickerVC.m in Sources */ = {isa = PBXBuildFile; fileRef = 8420192219ABAE1100265A76 /* WPTPickerVC.m */; };
/* End PBXBuildFile section */

/* Begin PBXContainerItemProxy section */
		842018F719ABAB3100265A76 /* PBXContainerItemProxy */ = {
			isa = PBXContainerItemProxy;
			containerPortal = 842018C619ABAB3100265A76 /* Project object */;
			proxyType = 1;
			remoteGlobalIDString = 842018CD19ABAB3100265A76;
			remoteInfo = GPCLocalizeStoryboard;
		};
/* End PBXContainerItemProxy section */

/* Begin PBXFileReference section */
		842018CE19ABAB3100265A76 /* GPCLocalizeStoryboard.app */ = {isa = PBXFileReference; explicitFileType = wrapper.application; includeInIndex = 0; path = GPCLocalizeStoryboard.app; sourceTree = BUILT_PRODUCTS_DIR; };
		842018D119ABAB3100265A76 /* Foundation.framework */ = {isa = PBXFileReference; lastKnownFileType = wrapper.framework; name = Foundation.framework; path = System/Library/Frameworks/Foundation.framework; sourceTree = SDKROOT; };
		842018D319ABAB3100265A76 /* CoreGraphics.framework */ = {isa = PBXFileReference; lastKnownFileType = wrapper.framework; name = CoreGraphics.framework; path = System/Library/Frameworks/CoreGraphics.framework; sourceTree = SDKROOT; };
		842018D519ABAB3100265A76 /* UIKit.framework */ = {isa = PBXFileReference; lastKnownFileType = wrapper.framework; name = UIKit.framework; path = System/Library/Frameworks/UIKit.framework; sourceTree = SDKROOT; };
		842018D919ABAB3100265A76 /* GPCLocalizeStoryboard-Info.plist */ = {isa = PBXFileReference; lastKnownFileType = text.plist.xml; path = "GPCLocalizeStoryboard-Info.plist"; sourceTree = "<group>"; };
		842018DB19ABAB3100265A76 /* en */ = {isa = PBXFileReference; lastKnownFileType = text.plist.strings; name = en; path = en.lproj/InfoPlist.strings; sourceTree = "<group>"; };
		842018DD19ABAB3100265A76 /* main.m */ = {isa = PBXFileReference; lastKnownFileType = sourcecode.c.objc; path = main.m; sourceTree = "<group>"; };
		842018DF19ABAB3100265A76 /* GPCLocalizeStoryboard-Prefix.pch */ = {isa = PBXFileReference; lastKnownFileType = sourcecode.c.h; path = "GPCLocalizeStoryboard-Prefix.pch"; sourceTree = "<group>"; };
		842018E019ABAB3100265A76 /* GPCAppDelegate.h */ = {isa = PBXFileReference; lastKnownFileType = sourcecode.c.h; path = GPCAppDelegate.h; sourceTree = "<group>"; };
		842018E119ABAB3100265A76 /* GPCAppDelegate.m */ = {isa = PBXFileReference; lastKnownFileType = sourcecode.c.objc; path = GPCAppDelegate.m; sourceTree = "<group>"; };
		842018E419ABAB3100265A76 /* Base */ = {isa = PBXFileReference; lastKnownFileType = file.storyboard; name = Base; path = Base.lproj/Main_iPhone.storyboard; sourceTree = "<group>"; };
		842018E719ABAB3100265A76 /* Base */ = {isa = PBXFileReference; lastKnownFileType = file.storyboard; name = Base; path = Base.lproj/Main_iPad.storyboard; sourceTree = "<group>"; };
		842018E919ABAB3100265A76 /* GPCViewController.h */ = {isa = PBXFileReference; lastKnownFileType = sourcecode.c.h; path = GPCViewController.h; sourceTree = "<group>"; };
		842018EA19ABAB3100265A76 /* GPCViewController.m */ = {isa = PBXFileReference; lastKnownFileType = sourcecode.c.objc; path = GPCViewController.m; sourceTree = "<group>"; };
		842018EC19ABAB3100265A76 /* Images.xcassets */ = {isa = PBXFileReference; lastKnownFileType = folder.assetcatalog; path = Images.xcassets; sourceTree = "<group>"; };
		842018F219ABAB3100265A76 /* GPCLocalizeStoryboardTests.xctest */ = {isa = PBXFileReference; explicitFileType = wrapper.cfbundle; includeInIndex = 0; path = GPCLocalizeStoryboardTests.xctest; sourceTree = BUILT_PRODUCTS_DIR; };
		842018F319ABAB3100265A76 /* XCTest.framework */ = {isa = PBXFileReference; lastKnownFileType = wrapper.framework; name = XCTest.framework; path = Library/Frameworks/XCTest.framework; sourceTree = DEVELOPER_DIR; };
		842018FB19ABAB3100265A76 /* GPCLocalizeStoryboardTests-Info.plist */ = {isa = PBXFileReference; lastKnownFileType = text.plist.xml; path = "GPCLocalizeStoryboardTests-Info.plist"; sourceTree = "<group>"; };
		842018FD19ABAB3100265A76 /* en */ = {isa = PBXFileReference; lastKnownFileType = text.plist.strings; name = en; path = en.lproj/InfoPlist.strings; sourceTree = "<group>"; };
		842018FF19ABAB3100265A76 /* GPCLocalizeStoryboardTests.m */ = {isa = PBXFileReference; lastKnownFileType = sourcecode.c.objc; path = GPCLocalizeStoryboardTests.m; sourceTree = "<group>"; };
		8420190919ABACEF00265A76 /* UITextField+WPTLocalize.m */ = {isa = PBXFileReference; fileEncoding = 4; lastKnownFileType = sourcecode.c.objc; path = "UITextField+WPTLocalize.m"; sourceTree = "<group>"; };
		8420190A19ABACEF00265A76 /* UITextField+WPTLocalize.h */ = {isa = PBXFileReference; fileEncoding = 4; lastKnownFileType = sourcecode.c.h; path = "UITextField+WPTLocalize.h"; sourceTree = "<group>"; };
		8420190B19ABACEF00265A76 /* UILabel+WPTLocalize.h */ = {isa = PBXFileReference; fileEncoding = 4; lastKnownFileType = sourcecode.c.h; path = "UILabel+WPTLocalize.h"; sourceTree = "<group>"; };
		8420190C19ABACEF00265A76 /* UILabel+WPTLocalize.m */ = {isa = PBXFileReference; fileEncoding = 4; lastKnownFileType = sourcecode.c.objc; path = "UILabel+WPTLocalize.m"; sourceTree = "<group>"; };
		8420191019ABAD3A00265A76 /* WPTUtilities.h */ = {isa = PBXFileReference; fileEncoding = 4; lastKnownFileType = sourcecode.c.h; path = WPTUtilities.h; sourceTree = "<group>"; };
		8420191119ABAD3A00265A76 /* WPTUtilities.m */ = {isa = PBXFileReference; fileEncoding = 4; lastKnownFileType = sourcecode.c.objc; path = WPTUtilities.m; sourceTree = "<group>"; };
		8420191319ABAD7B00265A76 /* Reachability.h */ = {isa = PBXFileReference; fileEncoding = 4; lastKnownFileType = sourcecode.c.h; path = Reachability.h; sourceTree = "<group>"; };
		8420191419ABAD7B00265A76 /* Reachability.m */ = {isa = PBXFileReference; fileEncoding = 4; lastKnownFileType = sourcecode.c.objc; path = Reachability.m; sourceTree = "<group>"; };
		8420191619ABAD8700265A76 /* UITableViewController+ScrollToSection.h */ = {isa = PBXFileReference; fileEncoding = 4; lastKnownFileType = sourcecode.c.h; path = "UITableViewController+ScrollToSection.h"; sourceTree = "<group>"; };
		8420191719ABAD8700265A76 /* UITableViewController+ScrollToSection.m */ = {isa = PBXFileReference; fileEncoding = 4; lastKnownFileType = sourcecode.c.objc; path = "UITableViewController+ScrollToSection.m"; sourceTree = "<group>"; };
		8420191919ABADB000265A76 /* WPTPopoverController.h */ = {isa = PBXFileReference; fileEncoding = 4; lastKnownFileType = sourcecode.c.h; path = WPTPopoverController.h; sourceTree = "<group>"; };
		8420191A19ABADB000265A76 /* WPTPopoverController.m */ = {isa = PBXFileReference; fileEncoding = 4; lastKnownFileType = sourcecode.c.objc; path = WPTPopoverController.m; sourceTree = "<group>"; };
		8420191B19ABADB000265A76 /* WPTPopoverTVC.h */ = {isa = PBXFileReference; fileEncoding = 4; lastKnownFileType = sourcecode.c.h; path = WPTPopoverTVC.h; sourceTree = "<group>"; };
		8420191C19ABADB000265A76 /* WPTPopoverTVC.m */ = {isa = PBXFileReference; fileEncoding = 4; lastKnownFileType = sourcecode.c.objc; path = WPTPopoverTVC.m; sourceTree = "<group>"; };
		8420192119ABAE1100265A76 /* WPTPickerVC.h */ = {isa = PBXFileReference; fileEncoding = 4; lastKnownFileType = sourcecode.c.h; path = WPTPickerVC.h; sourceTree = "<group>"; };
		8420192219ABAE1100265A76 /* WPTPickerVC.m */ = {isa = PBXFileReference; fileEncoding = 4; lastKnownFileType = sourcecode.c.objc; path = WPTPickerVC.m; sourceTree = "<group>"; };
/* End PBXFileReference section */

/* Begin PBXFrameworksBuildPhase section */
		842018CB19ABAB3100265A76 /* Frameworks */ = {
			isa = PBXFrameworksBuildPhase;
			buildActionMask = 2147483647;
			files = (
				842018D419ABAB3100265A76 /* CoreGraphics.framework in Frameworks */,
				842018D619ABAB3100265A76 /* UIKit.framework in Frameworks */,
				842018D219ABAB3100265A76 /* Foundation.framework in Frameworks */,
			);
			runOnlyForDeploymentPostprocessing = 0;
		};
		842018EF19ABAB3100265A76 /* Frameworks */ = {
			isa = PBXFrameworksBuildPhase;
			buildActionMask = 2147483647;
			files = (
				842018F419ABAB3100265A76 /* XCTest.framework in Frameworks */,
				842018F619ABAB3100265A76 /* UIKit.framework in Frameworks */,
				842018F519ABAB3100265A76 /* Foundation.framework in Frameworks */,
			);
			runOnlyForDeploymentPostprocessing = 0;
		};
/* End PBXFrameworksBuildPhase section */

/* Begin PBXGroup section */
		842018C519ABAB3100265A76 = {
			isa = PBXGroup;
			children = (
				842018D719ABAB3100265A76 /* GPCLocalizeStoryboard */,
				842018F919ABAB3100265A76 /* GPCLocalizeStoryboardTests */,
				842018D019ABAB3100265A76 /* Frameworks */,
				842018CF19ABAB3100265A76 /* Products */,
			);
			sourceTree = "<group>";
		};
		842018CF19ABAB3100265A76 /* Products */ = {
			isa = PBXGroup;
			children = (
				842018CE19ABAB3100265A76 /* GPCLocalizeStoryboard.app */,
				842018F219ABAB3100265A76 /* GPCLocalizeStoryboardTests.xctest */,
			);
			name = Products;
			sourceTree = "<group>";
		};
		842018D019ABAB3100265A76 /* Frameworks */ = {
			isa = PBXGroup;
			children = (
				842018D119ABAB3100265A76 /* Foundation.framework */,
				842018D319ABAB3100265A76 /* CoreGraphics.framework */,
				842018D519ABAB3100265A76 /* UIKit.framework */,
				842018F319ABAB3100265A76 /* XCTest.framework */,
			);
			name = Frameworks;
			sourceTree = "<group>";
		};
		842018D719ABAB3100265A76 /* GPCLocalizeStoryboard */ = {
			isa = PBXGroup;
			children = (
				842018E019ABAB3100265A76 /* GPCAppDelegate.h */,
				842018E119ABAB3100265A76 /* GPCAppDelegate.m */,
				842018E319ABAB3100265A76 /* Main_iPhone.storyboard */,
				842018E619ABAB3100265A76 /* Main_iPad.storyboard */,
				842018E919ABAB3100265A76 /* GPCViewController.h */,
				842018EA19ABAB3100265A76 /* GPCViewController.m */,
				8420190F19ABACFE00265A76 /* Utilities */,
				842018EC19ABAB3100265A76 /* Images.xcassets */,
				842018D819ABAB3100265A76 /* Supporting Files */,
			);
			path = GPCLocalizeStoryboard;
			sourceTree = "<group>";
		};
		842018D819ABAB3100265A76 /* Supporting Files */ = {
			isa = PBXGroup;
			children = (
				842018D919ABAB3100265A76 /* GPCLocalizeStoryboard-Info.plist */,
				842018DA19ABAB3100265A76 /* InfoPlist.strings */,
				842018DD19ABAB3100265A76 /* main.m */,
				842018DF19ABAB3100265A76 /* GPCLocalizeStoryboard-Prefix.pch */,
			);
			name = "Supporting Files";
			sourceTree = "<group>";
		};
		842018F919ABAB3100265A76 /* GPCLocalizeStoryboardTests */ = {
			isa = PBXGroup;
			children = (
				842018FF19ABAB3100265A76 /* GPCLocalizeStoryboardTests.m */,
				842018FA19ABAB3100265A76 /* Supporting Files */,
			);
			path = GPCLocalizeStoryboardTests;
			sourceTree = "<group>";
		};
		842018FA19ABAB3100265A76 /* Supporting Files */ = {
			isa = PBXGroup;
			children = (
				842018FB19ABAB3100265A76 /* GPCLocalizeStoryboardTests-Info.plist */,
				842018FC19ABAB3100265A76 /* InfoPlist.strings */,
			);
			name = "Supporting Files";
			sourceTree = "<group>";
		};
		8420190F19ABACFE00265A76 /* Utilities */ = {
			isa = PBXGroup;
			children = (
				8420192419ABAE1700265A76 /* Picker */,
				8420191F19ABADBC00265A76 /* Popover */,
				8420192019ABADCC00265A76 /* ScrollToSection */,
				8420191319ABAD7B00265A76 /* Reachability.h */,
				8420191419ABAD7B00265A76 /* Reachability.m */,
				8420191019ABAD3A00265A76 /* WPTUtilities.h */,
				8420191119ABAD3A00265A76 /* WPTUtilities.m */,
				8420190919ABACEF00265A76 /* UITextField+WPTLocalize.m */,
				8420190A19ABACEF00265A76 /* UITextField+WPTLocalize.h */,
				8420190B19ABACEF00265A76 /* UILabel+WPTLocalize.h */,
				8420190C19ABACEF00265A76 /* UILabel+WPTLocalize.m */,
			);
			name = Utilities;
			sourceTree = "<group>";
		};
		8420191F19ABADBC00265A76 /* Popover */ = {
			isa = PBXGroup;
			children = (
				8420191919ABADB000265A76 /* WPTPopoverController.h */,
				8420191A19ABADB000265A76 /* WPTPopoverController.m */,
				8420191B19ABADB000265A76 /* WPTPopoverTVC.h */,
				8420191C19ABADB000265A76 /* WPTPopoverTVC.m */,
			);
			name = Popover;
			sourceTree = "<group>";
		};
		8420192019ABADCC00265A76 /* ScrollToSection */ = {
			isa = PBXGroup;
			children = (
				8420191619ABAD8700265A76 /* UITableViewController+ScrollToSection.h */,
				8420191719ABAD8700265A76 /* UITableViewController+ScrollToSection.m */,
			);
			name = ScrollToSection;
			sourceTree = "<group>";
		};
		8420192419ABAE1700265A76 /* Picker */ = {
			isa = PBXGroup;
			children = (
				8420192119ABAE1100265A76 /* WPTPickerVC.h */,
				8420192219ABAE1100265A76 /* WPTPickerVC.m */,
			);
			name = Picker;
			sourceTree = "<group>";
		};
/* End PBXGroup section */

/* Begin PBXNativeTarget section */
		842018CD19ABAB3100265A76 /* GPCLocalizeStoryboard */ = {
			isa = PBXNativeTarget;
			buildConfigurationList = 8420190319ABAB3100265A76 /* Build configuration list for PBXNativeTarget "GPCLocalizeStoryboard" */;
			buildPhases = (
				842018CA19ABAB3100265A76 /* Sources */,
				842018CB19ABAB3100265A76 /* Frameworks */,
				842018CC19ABAB3100265A76 /* Resources */,
			);
			buildRules = (
			);
			dependencies = (
			);
			name = GPCLocalizeStoryboard;
			productName = GPCLocalizeStoryboard;
			productReference = 842018CE19ABAB3100265A76 /* GPCLocalizeStoryboard.app */;
			productType = "com.apple.product-type.application";
		};
		842018F119ABAB3100265A76 /* GPCLocalizeStoryboardTests */ = {
			isa = PBXNativeTarget;
			buildConfigurationList = 8420190619ABAB3100265A76 /* Build configuration list for PBXNativeTarget "GPCLocalizeStoryboardTests" */;
			buildPhases = (
				842018EE19ABAB3100265A76 /* Sources */,
				842018EF19ABAB3100265A76 /* Frameworks */,
				842018F019ABAB3100265A76 /* Resources */,
			);
			buildRules = (
			);
			dependencies = (
				842018F819ABAB3100265A76 /* PBXTargetDependency */,
			);
			name = GPCLocalizeStoryboardTests;
			productName = GPCLocalizeStoryboardTests;
			productReference = 842018F219ABAB3100265A76 /* GPCLocalizeStoryboardTests.xctest */;
			productType = "com.apple.product-type.bundle.unit-test";
		};
/* End PBXNativeTarget section */

/* Begin PBXProject section */
		842018C619ABAB3100265A76 /* Project object */ = {
			isa = PBXProject;
			attributes = {
				CLASSPREFIX = GPC;
				LastUpgradeCheck = 0510;
				ORGANIZATIONNAME = "Graham Conway";
				TargetAttributes = {
					842018F119ABAB3100265A76 = {
						TestTargetID = 842018CD19ABAB3100265A76;
					};
				};
			};
			buildConfigurationList = 842018C919ABAB3100265A76 /* Build configuration list for PBXProject "GPCLocalizeStoryboard" */;
			compatibilityVersion = "Xcode 3.2";
			developmentRegion = English;
			hasScannedForEncodings = 0;
			knownRegions = (
				en,
				Base,
			);
			mainGroup = 842018C519ABAB3100265A76;
			productRefGroup = 842018CF19ABAB3100265A76 /* Products */;
			projectDirPath = "";
			projectRoot = "";
			targets = (
				842018CD19ABAB3100265A76 /* GPCLocalizeStoryboard */,
				842018F119ABAB3100265A76 /* GPCLocalizeStoryboardTests */,
			);
		};
/* End PBXProject section */

/* Begin PBXResourcesBuildPhase section */
		842018CC19ABAB3100265A76 /* Resources */ = {
			isa = PBXResourcesBuildPhase;
			buildActionMask = 2147483647;
			files = (
				842018E819ABAB3100265A76 /* Main_iPad.storyboard in Resources */,
				842018ED19ABAB3100265A76 /* Images.xcassets in Resources */,
				842018E519ABAB3100265A76 /* Main_iPhone.storyboard in Resources */,
				842018DC19ABAB3100265A76 /* InfoPlist.strings in Resources */,
			);
			runOnlyForDeploymentPostprocessing = 0;
		};
		842018F019ABAB3100265A76 /* Resources */ = {
			isa = PBXResourcesBuildPhase;
			buildActionMask = 2147483647;
			files = (
				842018FE19ABAB3100265A76 /* InfoPlist.strings in Resources */,
			);
			runOnlyForDeploymentPostprocessing = 0;
		};
/* End PBXResourcesBuildPhase section */

/* Begin PBXSourcesBuildPhase section */
		842018CA19ABAB3100265A76 /* Sources */ = {
			isa = PBXSourcesBuildPhase;
			buildActionMask = 2147483647;
			files = (
				8420190D19ABACEF00265A76 /* UITextField+WPTLocalize.m in Sources */,
				8420191819ABAD8700265A76 /* UITableViewController+ScrollToSection.m in Sources */,
				842018DE19ABAB3100265A76 /* main.m in Sources */,
				8420191E19ABADB000265A76 /* WPTPopoverTVC.m in Sources */,
				8420192319ABAE1100265A76 /* WPTPickerVC.m in Sources */,
				8420191219ABAD3A00265A76 /* WPTUtilities.m in Sources */,
				8420191519ABAD7B00265A76 /* Reachability.m in Sources */,
				8420190E19ABACEF00265A76 /* UILabel+WPTLocalize.m in Sources */,
				842018E219ABAB3100265A76 /* GPCAppDelegate.m in Sources */,
				842018EB19ABAB3100265A76 /* GPCViewController.m in Sources */,
				8420191D19ABADB000265A76 /* WPTPopoverController.m in Sources */,
			);
			runOnlyForDeploymentPostprocessing = 0;
		};
		842018EE19ABAB3100265A76 /* Sources */ = {
			isa = PBXSourcesBuildPhase;
			buildActionMask = 2147483647;
			files = (
				8420190019ABAB3100265A76 /* GPCLocalizeStoryboardTests.m in Sources */,
			);
			runOnlyForDeploymentPostprocessing = 0;
		};
/* End PBXSourcesBuildPhase section */

/* Begin PBXTargetDependency section */
		842018F819ABAB3100265A76 /* PBXTargetDependency */ = {
			isa = PBXTargetDependency;
			target = 842018CD19ABAB3100265A76 /* GPCLocalizeStoryboard */;
			targetProxy = 842018F719ABAB3100265A76 /* PBXContainerItemProxy */;
		};
/* End PBXTargetDependency section */

/* Begin PBXVariantGroup section */
		842018DA19ABAB3100265A76 /* InfoPlist.strings */ = {
			isa = PBXVariantGroup;
			children = (
				842018DB19ABAB3100265A76 /* en */,
			);
			name = InfoPlist.strings;
			sourceTree = "<group>";
		};
		842018E319ABAB3100265A76 /* Main_iPhone.storyboard */ = {
			isa = PBXVariantGroup;
			children = (
				842018E419ABAB3100265A76 /* Base */,
			);
			name = Main_iPhone.storyboard;
			sourceTree = "<group>";
		};
		842018E619ABAB3100265A76 /* Main_iPad.storyboard */ = {
			isa = PBXVariantGroup;
			children = (
				842018E719ABAB3100265A76 /* Base */,
			);
			name = Main_iPad.storyboard;
			sourceTree = "<group>";
		};
		842018FC19ABAB3100265A76 /* InfoPlist.strings */ = {
			isa = PBXVariantGroup;
			children = (
				842018FD19ABAB3100265A76 /* en */,
			);
			name = InfoPlist.strings;
			sourceTree = "<group>";
		};
/* End PBXVariantGroup section */

/* Begin XCBuildConfiguration section */
		8420190119ABAB3100265A76 /* Debug */ = {
			isa = XCBuildConfiguration;
			buildSettings = {
				ALWAYS_SEARCH_USER_PATHS = NO;
				CLANG_CXX_LANGUAGE_STANDARD = "gnu++0x";
				CLANG_CXX_LIBRARY = "libc++";
				CLANG_ENABLE_MODULES = YES;
				CLANG_ENABLE_OBJC_ARC = YES;
				CLANG_WARN_BOOL_CONVERSION = YES;
				CLANG_WARN_CONSTANT_CONVERSION = YES;
				CLANG_WARN_DIRECT_OBJC_ISA_USAGE = YES_ERROR;
				CLANG_WARN_EMPTY_BODY = YES;
				CLANG_WARN_ENUM_CONVERSION = YES;
				CLANG_WARN_INT_CONVERSION = YES;
				CLANG_WARN_OBJC_ROOT_CLASS = YES_ERROR;
				CLANG_WARN__DUPLICATE_METHOD_MATCH = YES;
				"CODE_SIGN_IDENTITY[sdk=iphoneos*]" = "iPhone Developer";
				COPY_PHASE_STRIP = NO;
				GCC_C_LANGUAGE_STANDARD = gnu99;
				GCC_DYNAMIC_NO_PIC = NO;
				GCC_OPTIMIZATION_LEVEL = 0;
				GCC_PREPROCESSOR_DEFINITIONS = (
					"DEBUG=1",
					"$(inherited)",
				);
				GCC_SYMBOLS_PRIVATE_EXTERN = NO;
				GCC_WARN_64_TO_32_BIT_CONVERSION = YES;
				GCC_WARN_ABOUT_RETURN_TYPE = YES_ERROR;
				GCC_WARN_UNDECLARED_SELECTOR = YES;
				GCC_WARN_UNINITIALIZED_AUTOS = YES_AGGRESSIVE;
				GCC_WARN_UNUSED_FUNCTION = YES;
				GCC_WARN_UNUSED_VARIABLE = YES;
				IPHONEOS_DEPLOYMENT_TARGET = 7.1;
				ONLY_ACTIVE_ARCH = YES;
				SDKROOT = iphoneos;
				TARGETED_DEVICE_FAMILY = "1,2";
			};
			name = Debug;
		};
		8420190219ABAB3100265A76 /* Release */ = {
			isa = XCBuildConfiguration;
			buildSettings = {
				ALWAYS_SEARCH_USER_PATHS = NO;
				CLANG_CXX_LANGUAGE_STANDARD = "gnu++0x";
				CLANG_CXX_LIBRARY = "libc++";
				CLANG_ENABLE_MODULES = YES;
				CLANG_ENABLE_OBJC_ARC = YES;
				CLANG_WARN_BOOL_CONVERSION = YES;
				CLANG_WARN_CONSTANT_CONVERSION = YES;
				CLANG_WARN_DIRECT_OBJC_ISA_USAGE = YES_ERROR;
				CLANG_WARN_EMPTY_BODY = YES;
				CLANG_WARN_ENUM_CONVERSION = YES;
				CLANG_WARN_INT_CONVERSION = YES;
				CLANG_WARN_OBJC_ROOT_CLASS = YES_ERROR;
				CLANG_WARN__DUPLICATE_METHOD_MATCH = YES;
				"CODE_SIGN_IDENTITY[sdk=iphoneos*]" = "iPhone Developer";
				COPY_PHASE_STRIP = YES;
				ENABLE_NS_ASSERTIONS = NO;
				GCC_C_LANGUAGE_STANDARD = gnu99;
				GCC_WARN_64_TO_32_BIT_CONVERSION = YES;
				GCC_WARN_ABOUT_RETURN_TYPE = YES_ERROR;
				GCC_WARN_UNDECLARED_SELECTOR = YES;
				GCC_WARN_UNINITIALIZED_AUTOS = YES_AGGRESSIVE;
				GCC_WARN_UNUSED_FUNCTION = YES;
				GCC_WARN_UNUSED_VARIABLE = YES;
				IPHONEOS_DEPLOYMENT_TARGET = 7.1;
				SDKROOT = iphoneos;
				TARGETED_DEVICE_FAMILY = "1,2";
				VALIDATE_PRODUCT = YES;
			};
			name = Release;
		};
		8420190419ABAB3100265A76 /* Debug */ = {
			isa = XCBuildConfiguration;
			buildSettings = {
				ASSETCATALOG_COMPILER_APPICON_NAME = AppIcon;
				ASSETCATALOG_COMPILER_LAUNCHIMAGE_NAME = LaunchImage;
				GCC_PRECOMPILE_PREFIX_HEADER = YES;
				GCC_PREFIX_HEADER = "GPCLocalizeStoryboard/GPCLocalizeStoryboard-Prefix.pch";
				INFOPLIST_FILE = "GPCLocalizeStoryboard/GPCLocalizeStoryboard-Info.plist";
				PRODUCT_NAME = "$(TARGET_NAME)";
				WRAPPER_EXTENSION = app;
			};
			name = Debug;
		};
		8420190519ABAB3100265A76 /* Release */ = {
			isa = XCBuildConfiguration;
			buildSettings = {
				ASSETCATALOG_COMPILER_APPICON_NAME = AppIcon;
				ASSETCATALOG_COMPILER_LAUNCHIMAGE_NAME = LaunchImage;
				GCC_PRECOMPILE_PREFIX_HEADER = YES;
				GCC_PREFIX_HEADER = "GPCLocalizeStoryboard/GPCLocalizeStoryboard-Prefix.pch";
				INFOPLIST_FILE = "GPCLocalizeStoryboard/GPCLocalizeStoryboard-Info.plist";
				PRODUCT_NAME = "$(TARGET_NAME)";
				WRAPPER_EXTENSION = app;
			};
			name = Release;
		};
		8420190719ABAB3100265A76 /* Debug */ = {
			isa = XCBuildConfiguration;
			buildSettings = {
				BUNDLE_LOADER = "$(BUILT_PRODUCTS_DIR)/GPCLocalizeStoryboard.app/GPCLocalizeStoryboard";
				FRAMEWORK_SEARCH_PATHS = (
					"$(SDKROOT)/Developer/Library/Frameworks",
					"$(inherited)",
					"$(DEVELOPER_FRAMEWORKS_DIR)",
				);
				GCC_PRECOMPILE_PREFIX_HEADER = YES;
				GCC_PREFIX_HEADER = "GPCLocalizeStoryboard/GPCLocalizeStoryboard-Prefix.pch";
				GCC_PREPROCESSOR_DEFINITIONS = (
					"DEBUG=1",
					"$(inherited)",
				);
				INFOPLIST_FILE = "GPCLocalizeStoryboardTests/GPCLocalizeStoryboardTests-Info.plist";
				PRODUCT_NAME = "$(TARGET_NAME)";
				TEST_HOST = "$(BUNDLE_LOADER)";
				WRAPPER_EXTENSION = xctest;
			};
			name = Debug;
		};
		8420190819ABAB3100265A76 /* Release */ = {
			isa = XCBuildConfiguration;
			buildSettings = {
				BUNDLE_LOADER = "$(BUILT_PRODUCTS_DIR)/GPCLocalizeStoryboard.app/GPCLocalizeStoryboard";
				FRAMEWORK_SEARCH_PATHS = (
					"$(SDKROOT)/Developer/Library/Frameworks",
					"$(inherited)",
					"$(DEVELOPER_FRAMEWORKS_DIR)",
				);
				GCC_PRECOMPILE_PREFIX_HEADER = YES;
				GCC_PREFIX_HEADER = "GPCLocalizeStoryboard/GPCLocalizeStoryboard-Prefix.pch";
				INFOPLIST_FILE = "GPCLocalizeStoryboardTests/GPCLocalizeStoryboardTests-Info.plist";
				PRODUCT_NAME = "$(TARGET_NAME)";
				TEST_HOST = "$(BUNDLE_LOADER)";
				WRAPPER_EXTENSION = xctest;
			};
			name = Release;
		};
/* End XCBuildConfiguration section */

/* Begin XCConfigurationList section */
		842018C919ABAB3100265A76 /* Build configuration list for PBXProject "GPCLocalizeStoryboard" */ = {
			isa = XCConfigurationList;
			buildConfigurations = (
				8420190119ABAB3100265A76 /* Debug */,
				8420190219ABAB3100265A76 /* Release */,
			);
			defaultConfigurationIsVisible = 0;
			defaultConfigurationName = Release;
		};
		8420190319ABAB3100265A76 /* Build configuration list for PBXNativeTarget "GPCLocalizeStoryboard" */ = {
			isa = XCConfigurationList;
			buildConfigurations = (
				8420190419ABAB3100265A76 /* Debug */,
				8420190519ABAB3100265A76 /* Release */,
			);
			defaultConfigurationIsVisible = 0;
		};
		8420190619ABAB3100265A76 /* Build configuration list for PBXNativeTarget "GPCLocalizeStoryboardTests" */ = {
			isa = XCConfigurationList;
			buildConfigurations = (
				8420190719ABAB3100265A76 /* Debug */,
				8420190819ABAB3100265A76 /* Release */,
			);
			defaultConfigurationIsVisible = 0;
		};
/* End XCConfigurationList section */
	};
	rootObject = 842018C619ABAB3100265A76 /* Project object */;
}
